// !$*UTF8*$!
{
	archiveVersion = 1;
	classes = {
	};
	objectVersion = 56;
	objects = {

/* Begin PBXBuildFile section */
		66707CBB2B7264E800116DD8 /* ProductDetailsRepo.swift in Sources */ = {isa = PBXBuildFile; fileRef = 66707CBA2B7264E800116DD8 /* ProductDetailsRepo.swift */; };
		66707CBD2B72651300116DD8 /* ProductDetailsModel.swift in Sources */ = {isa = PBXBuildFile; fileRef = 66707CBC2B72651300116DD8 /* ProductDetailsModel.swift */; };
		66707CBF2B72659000116DD8 /* DefaultProductDetailsRepo.swift in Sources */ = {isa = PBXBuildFile; fileRef = 66707CBE2B72659000116DD8 /* DefaultProductDetailsRepo.swift */; };
		66707CC12B72661200116DD8 /* ProductDetailsVCVieMode.swift in Sources */ = {isa = PBXBuildFile; fileRef = 66707CC02B72661200116DD8 /* ProductDetailsVCVieMode.swift */; };
		66707CC82B7266E600116DD8 /* ProductImageCell.swift in Sources */ = {isa = PBXBuildFile; fileRef = 66707CC62B7266E600116DD8 /* ProductImageCell.swift */; };
		66707CC92B7266E600116DD8 /* ProductImageCell.xib in Resources */ = {isa = PBXBuildFile; fileRef = 66707CC72B7266E600116DD8 /* ProductImageCell.xib */; };
		66707CD02B7284FF00116DD8 /* ProductDetailsVC.swift in Sources */ = {isa = PBXBuildFile; fileRef = 66707CCE2B7284FF00116DD8 /* ProductDetailsVC.swift */; };
		66707CD12B7284FF00116DD8 /* ProductDetailsVC.xib in Resources */ = {isa = PBXBuildFile; fileRef = 66707CCF2B7284FF00116DD8 /* ProductDetailsVC.xib */; };
		66707CD42B72CAD500116DD8 /* MenuVC.swift in Sources */ = {isa = PBXBuildFile; fileRef = 66707CD22B72CAD500116DD8 /* MenuVC.swift */; };
		66707CD52B72CAD500116DD8 /* MenuVC.xib in Resources */ = {isa = PBXBuildFile; fileRef = 66707CD32B72CAD500116DD8 /* MenuVC.xib */; };
		66707CD72B72CAF500116DD8 /* MenuViewModel.swift in Sources */ = {isa = PBXBuildFile; fileRef = 66707CD62B72CAF500116DD8 /* MenuViewModel.swift */; };
		66707CDA2B72CB3700116DD8 /* ProfileVC.swift in Sources */ = {isa = PBXBuildFile; fileRef = 66707CD82B72CB3700116DD8 /* ProfileVC.swift */; };
		66707CDB2B72CB3700116DD8 /* ProfileVC.xib in Resources */ = {isa = PBXBuildFile; fileRef = 66707CD92B72CB3700116DD8 /* ProfileVC.xib */; };
		66707CDD2B72CB5400116DD8 /* ProfileViewModel.swift in Sources */ = {isa = PBXBuildFile; fileRef = 66707CDC2B72CB5400116DD8 /* ProfileViewModel.swift */; };
		66707CE02B72CB9E00116DD8 /* ShoppingCartVC.swift in Sources */ = {isa = PBXBuildFile; fileRef = 66707CDE2B72CB9E00116DD8 /* ShoppingCartVC.swift */; };
		66707CE12B72CB9E00116DD8 /* ShoppingCartVC.xib in Resources */ = {isa = PBXBuildFile; fileRef = 66707CDF2B72CB9E00116DD8 /* ShoppingCartVC.xib */; };
		66707CE32B72CBAE00116DD8 /* ShoppingCartViewModel.swift in Sources */ = {isa = PBXBuildFile; fileRef = 66707CE22B72CBAE00116DD8 /* ShoppingCartViewModel.swift */; };
		66707CE62B72CC0900116DD8 /* FavouriteVC.swift in Sources */ = {isa = PBXBuildFile; fileRef = 66707CE42B72CC0900116DD8 /* FavouriteVC.swift */; };
		66707CE72B72CC0900116DD8 /* FavouriteVC.xib in Resources */ = {isa = PBXBuildFile; fileRef = 66707CE52B72CC0900116DD8 /* FavouriteVC.xib */; };
		66707CE92B72CC1B00116DD8 /* FavouriteViewModel.swift in Sources */ = {isa = PBXBuildFile; fileRef = 66707CE82B72CC1B00116DD8 /* FavouriteViewModel.swift */; };
		66B58DDF2B714AF2008E7682 /* AppDelegate.swift in Sources */ = {isa = PBXBuildFile; fileRef = 66B58DDE2B714AF2008E7682 /* AppDelegate.swift */; };
		66B58DE82B714AF3008E7682 /* Assets.xcassets in Resources */ = {isa = PBXBuildFile; fileRef = 66B58DE72B714AF3008E7682 /* Assets.xcassets */; };
		66B58DEB2B714AF3008E7682 /* LaunchScreen.storyboard in Resources */ = {isa = PBXBuildFile; fileRef = 66B58DE92B714AF3008E7682 /* LaunchScreen.storyboard */; };
		66B58E012B714D3A008E7682 /* Montserrat-Light.ttf in Resources */ = {isa = PBXBuildFile; fileRef = 66B58DFA2B714D3A008E7682 /* Montserrat-Light.ttf */; };
		66B58E022B714D3A008E7682 /* Montserrat-Medium.ttf in Resources */ = {isa = PBXBuildFile; fileRef = 66B58DFB2B714D3A008E7682 /* Montserrat-Medium.ttf */; };
		66B58E032B714D3A008E7682 /* Montserrat-Thin.ttf in Resources */ = {isa = PBXBuildFile; fileRef = 66B58DFC2B714D3A008E7682 /* Montserrat-Thin.ttf */; };
		66B58E042B714D3A008E7682 /* Montserrat-Regular.ttf in Resources */ = {isa = PBXBuildFile; fileRef = 66B58DFD2B714D3A008E7682 /* Montserrat-Regular.ttf */; };
		66B58E052B714D3A008E7682 /* Montserrat-ExtraBold.ttf in Resources */ = {isa = PBXBuildFile; fileRef = 66B58DFE2B714D3A008E7682 /* Montserrat-ExtraBold.ttf */; };
		66B58E062B714D3A008E7682 /* Montserrat-Bold.ttf in Resources */ = {isa = PBXBuildFile; fileRef = 66B58DFF2B714D3A008E7682 /* Montserrat-Bold.ttf */; };
		66B58E072B714D3A008E7682 /* Montserrat-SemiBold.ttf in Resources */ = {isa = PBXBuildFile; fileRef = 66B58E002B714D3A008E7682 /* Montserrat-SemiBold.ttf */; };
		66B58E242B71545C008E7682 /* Constants.swift in Sources */ = {isa = PBXBuildFile; fileRef = 66B58E232B71545C008E7682 /* Constants.swift */; };
		66B58E262B7154BE008E7682 /* AppCoordinator.swift in Sources */ = {isa = PBXBuildFile; fileRef = 66B58E252B7154BE008E7682 /* AppCoordinator.swift */; };
		66B58E282B715510008E7682 /* Coordinator.swift in Sources */ = {isa = PBXBuildFile; fileRef = 66B58E272B715510008E7682 /* Coordinator.swift */; };
		66B58E2C2B71557C008E7682 /* Navigator.swift in Sources */ = {isa = PBXBuildFile; fileRef = 66B58E2B2B71557C008E7682 /* Navigator.swift */; };
		66B58E2E2B7155CD008E7682 /* MainNavigators.swift in Sources */ = {isa = PBXBuildFile; fileRef = 66B58E2D2B7155CD008E7682 /* MainNavigators.swift */; };
		66B58E302B715768008E7682 /* Collectionview + Extension.swift in Sources */ = {isa = PBXBuildFile; fileRef = 66B58E2F2B715768008E7682 /* Collectionview + Extension.swift */; };
		66B58E322B71578F008E7682 /* TableView + Extension.swift in Sources */ = {isa = PBXBuildFile; fileRef = 66B58E312B71578F008E7682 /* TableView + Extension.swift */; };
		66B58E342B7157A7008E7682 /* ViewController + Extension.swift in Sources */ = {isa = PBXBuildFile; fileRef = 66B58E332B7157A7008E7682 /* ViewController + Extension.swift */; };
		66B58E362B715855008E7682 /* View + Extension .swift in Sources */ = {isa = PBXBuildFile; fileRef = 66B58E352B715855008E7682 /* View + Extension .swift */; };
		66B58E382B71589B008E7682 /* TextField + Extension.swift in Sources */ = {isa = PBXBuildFile; fileRef = 66B58E372B71589B008E7682 /* TextField + Extension.swift */; };
		66B58E3A2B715913008E7682 /* Color + Extension.swift in Sources */ = {isa = PBXBuildFile; fileRef = 66B58E392B715913008E7682 /* Color + Extension.swift */; };
		66B58E3C2B71596F008E7682 /* MainTabBar.swift in Sources */ = {isa = PBXBuildFile; fileRef = 66B58E3B2B71596F008E7682 /* MainTabBar.swift */; };
		66B58E3F2B715CFC008E7682 /* BaseWireFrame.swift in Sources */ = {isa = PBXBuildFile; fileRef = 66B58E3E2B715CFC008E7682 /* BaseWireFrame.swift */; };
		66B58E432B715EA3008E7682 /* ProductCell.swift in Sources */ = {isa = PBXBuildFile; fileRef = 66B58E412B715EA3008E7682 /* ProductCell.swift */; };
		66B58E442B715EA3008E7682 /* ProductCell.xib in Resources */ = {isa = PBXBuildFile; fileRef = 66B58E422B715EA3008E7682 /* ProductCell.xib */; };
		66B58E4E2B716089008E7682 /* Fonts .swift in Sources */ = {isa = PBXBuildFile; fileRef = 66B58E4D2B716089008E7682 /* Fonts .swift */; };
		66B58E502B7160D7008E7682 /* HomeViewModel.swift in Sources */ = {isa = PBXBuildFile; fileRef = 66B58E4F2B7160D7008E7682 /* HomeViewModel.swift */; };
		66B58E532B7161C7008E7682 /* ProductModel.swift in Sources */ = {isa = PBXBuildFile; fileRef = 66B58E522B7161C7008E7682 /* ProductModel.swift */; };
		66B58E592B7162CB008E7682 /* GetProductListUseCase.swift in Sources */ = {isa = PBXBuildFile; fileRef = 66B58E582B7162CB008E7682 /* GetProductListUseCase.swift */; };
		66B58E5B2B71631D008E7682 /* FavouriteProductItemUseCase.swift in Sources */ = {isa = PBXBuildFile; fileRef = 66B58E5A2B71631D008E7682 /* FavouriteProductItemUseCase.swift */; };
		66B58E5D2B71638F008E7682 /* HomeRepo.swift in Sources */ = {isa = PBXBuildFile; fileRef = 66B58E5C2B71638F008E7682 /* HomeRepo.swift */; };
		66B58E632B71658D008E7682 /* ProductListLDBCLient.swift in Sources */ = {isa = PBXBuildFile; fileRef = 66B58E622B71658D008E7682 /* ProductListLDBCLient.swift */; };
		66B58E652B7165D3008E7682 /* ProductListLDB.swift in Sources */ = {isa = PBXBuildFile; fileRef = 66B58E642B7165D3008E7682 /* ProductListLDB.swift */; };
		66B58E672B71661F008E7682 /* ProductLDB.swift in Sources */ = {isa = PBXBuildFile; fileRef = 66B58E662B71661F008E7682 /* ProductLDB.swift */; };
		66B58E6D2B716826008E7682 /* DefaultHomeRepo.swift in Sources */ = {isa = PBXBuildFile; fileRef = 66B58E6C2B716826008E7682 /* DefaultHomeRepo.swift */; };
		66B58E6F2B716919008E7682 /* ProductListDTO.swift in Sources */ = {isa = PBXBuildFile; fileRef = 66B58E6E2B716919008E7682 /* ProductListDTO.swift */; };
		66B58E732B716966008E7682 /* HomeRouter.swift in Sources */ = {isa = PBXBuildFile; fileRef = 66B58E722B716966008E7682 /* HomeRouter.swift */; };
		66B58E752B716979008E7682 /* HomeClient .swift in Sources */ = {isa = PBXBuildFile; fileRef = 66B58E742B716979008E7682 /* HomeClient .swift */; };
		66B58E772B716998008E7682 /* RequestClient.swift in Sources */ = {isa = PBXBuildFile; fileRef = 66B58E762B716998008E7682 /* RequestClient.swift */; };
		66B58E792B7169A7008E7682 /* TargetProtocol.swift in Sources */ = {isa = PBXBuildFile; fileRef = 66B58E782B7169A7008E7682 /* TargetProtocol.swift */; };
		66B58E802B717C8A008E7682 /* HomeVC.swift in Sources */ = {isa = PBXBuildFile; fileRef = 66B58E7E2B717C8A008E7682 /* HomeVC.swift */; };
		66B58E812B717C8A008E7682 /* HomeVC.xib in Resources */ = {isa = PBXBuildFile; fileRef = 66B58E7F2B717C8A008E7682 /* HomeVC.xib */; };
		83C58E3F400F881174F89B81 /* Pods_KSI_Task.framework in Frameworks */ = {isa = PBXBuildFile; fileRef = FF11A32C3AD40059482A13EC /* Pods_KSI_Task.framework */; };
/* End PBXBuildFile section */

/* Begin PBXFileReference section */
		03537956E39F53EDC52BE0B4 /* Pods-KSI-Task.release.xcconfig */ = {isa = PBXFileReference; includeInIndex = 1; lastKnownFileType = text.xcconfig; name = "Pods-KSI-Task.release.xcconfig"; path = "Target Support Files/Pods-KSI-Task/Pods-KSI-Task.release.xcconfig"; sourceTree = "<group>"; };
		66707CBA2B7264E800116DD8 /* ProductDetailsRepo.swift */ = {isa = PBXFileReference; lastKnownFileType = sourcecode.swift; path = ProductDetailsRepo.swift; sourceTree = "<group>"; };
		66707CBC2B72651300116DD8 /* ProductDetailsModel.swift */ = {isa = PBXFileReference; lastKnownFileType = sourcecode.swift; path = ProductDetailsModel.swift; sourceTree = "<group>"; };
		66707CBE2B72659000116DD8 /* DefaultProductDetailsRepo.swift */ = {isa = PBXFileReference; lastKnownFileType = sourcecode.swift; path = DefaultProductDetailsRepo.swift; sourceTree = "<group>"; };
		66707CC02B72661200116DD8 /* ProductDetailsVCVieMode.swift */ = {isa = PBXFileReference; lastKnownFileType = sourcecode.swift; path = ProductDetailsVCVieMode.swift; sourceTree = "<group>"; };
		66707CC62B7266E600116DD8 /* ProductImageCell.swift */ = {isa = PBXFileReference; lastKnownFileType = sourcecode.swift; path = ProductImageCell.swift; sourceTree = "<group>"; };
		66707CC72B7266E600116DD8 /* ProductImageCell.xib */ = {isa = PBXFileReference; lastKnownFileType = file.xib; path = ProductImageCell.xib; sourceTree = "<group>"; };
		66707CCE2B7284FF00116DD8 /* ProductDetailsVC.swift */ = {isa = PBXFileReference; lastKnownFileType = sourcecode.swift; path = ProductDetailsVC.swift; sourceTree = "<group>"; };
		66707CCF2B7284FF00116DD8 /* ProductDetailsVC.xib */ = {isa = PBXFileReference; lastKnownFileType = file.xib; path = ProductDetailsVC.xib; sourceTree = "<group>"; };
		66707CD22B72CAD500116DD8 /* MenuVC.swift */ = {isa = PBXFileReference; lastKnownFileType = sourcecode.swift; path = MenuVC.swift; sourceTree = "<group>"; };
		66707CD32B72CAD500116DD8 /* MenuVC.xib */ = {isa = PBXFileReference; lastKnownFileType = file.xib; path = MenuVC.xib; sourceTree = "<group>"; };
		66707CD62B72CAF500116DD8 /* MenuViewModel.swift */ = {isa = PBXFileReference; lastKnownFileType = sourcecode.swift; path = MenuViewModel.swift; sourceTree = "<group>"; };
		66707CD82B72CB3700116DD8 /* ProfileVC.swift */ = {isa = PBXFileReference; lastKnownFileType = sourcecode.swift; path = ProfileVC.swift; sourceTree = "<group>"; };
		66707CD92B72CB3700116DD8 /* ProfileVC.xib */ = {isa = PBXFileReference; lastKnownFileType = file.xib; path = ProfileVC.xib; sourceTree = "<group>"; };
		66707CDC2B72CB5400116DD8 /* ProfileViewModel.swift */ = {isa = PBXFileReference; lastKnownFileType = sourcecode.swift; path = ProfileViewModel.swift; sourceTree = "<group>"; };
		66707CDE2B72CB9E00116DD8 /* ShoppingCartVC.swift */ = {isa = PBXFileReference; lastKnownFileType = sourcecode.swift; path = ShoppingCartVC.swift; sourceTree = "<group>"; };
		66707CDF2B72CB9E00116DD8 /* ShoppingCartVC.xib */ = {isa = PBXFileReference; lastKnownFileType = file.xib; path = ShoppingCartVC.xib; sourceTree = "<group>"; };
		66707CE22B72CBAE00116DD8 /* ShoppingCartViewModel.swift */ = {isa = PBXFileReference; lastKnownFileType = sourcecode.swift; path = ShoppingCartViewModel.swift; sourceTree = "<group>"; };
		66707CE42B72CC0900116DD8 /* FavouriteVC.swift */ = {isa = PBXFileReference; lastKnownFileType = sourcecode.swift; path = FavouriteVC.swift; sourceTree = "<group>"; };
		66707CE52B72CC0900116DD8 /* FavouriteVC.xib */ = {isa = PBXFileReference; lastKnownFileType = file.xib; path = FavouriteVC.xib; sourceTree = "<group>"; };
		66707CE82B72CC1B00116DD8 /* FavouriteViewModel.swift */ = {isa = PBXFileReference; lastKnownFileType = sourcecode.swift; path = FavouriteViewModel.swift; sourceTree = "<group>"; };
		66B58DDB2B714AF2008E7682 /* KSI-Task.app */ = {isa = PBXFileReference; explicitFileType = wrapper.application; includeInIndex = 0; path = "KSI-Task.app"; sourceTree = BUILT_PRODUCTS_DIR; };
		66B58DDE2B714AF2008E7682 /* AppDelegate.swift */ = {isa = PBXFileReference; lastKnownFileType = sourcecode.swift; path = AppDelegate.swift; sourceTree = "<group>"; };
		66B58DE72B714AF3008E7682 /* Assets.xcassets */ = {isa = PBXFileReference; lastKnownFileType = folder.assetcatalog; path = Assets.xcassets; sourceTree = "<group>"; };
		66B58DEA2B714AF3008E7682 /* Base */ = {isa = PBXFileReference; lastKnownFileType = file.storyboard; name = Base; path = Base.lproj/LaunchScreen.storyboard; sourceTree = "<group>"; };
		66B58DEC2B714AF3008E7682 /* Info.plist */ = {isa = PBXFileReference; lastKnownFileType = text.plist.xml; path = Info.plist; sourceTree = "<group>"; };
		66B58DFA2B714D3A008E7682 /* Montserrat-Light.ttf */ = {isa = PBXFileReference; lastKnownFileType = file; path = "Montserrat-Light.ttf"; sourceTree = "<group>"; };
		66B58DFB2B714D3A008E7682 /* Montserrat-Medium.ttf */ = {isa = PBXFileReference; lastKnownFileType = file; path = "Montserrat-Medium.ttf"; sourceTree = "<group>"; };
		66B58DFC2B714D3A008E7682 /* Montserrat-Thin.ttf */ = {isa = PBXFileReference; lastKnownFileType = file; path = "Montserrat-Thin.ttf"; sourceTree = "<group>"; };
		66B58DFD2B714D3A008E7682 /* Montserrat-Regular.ttf */ = {isa = PBXFileReference; lastKnownFileType = file; path = "Montserrat-Regular.ttf"; sourceTree = "<group>"; };
		66B58DFE2B714D3A008E7682 /* Montserrat-ExtraBold.ttf */ = {isa = PBXFileReference; lastKnownFileType = file; path = "Montserrat-ExtraBold.ttf"; sourceTree = "<group>"; };
		66B58DFF2B714D3A008E7682 /* Montserrat-Bold.ttf */ = {isa = PBXFileReference; lastKnownFileType = file; path = "Montserrat-Bold.ttf"; sourceTree = "<group>"; };
		66B58E002B714D3A008E7682 /* Montserrat-SemiBold.ttf */ = {isa = PBXFileReference; lastKnownFileType = file; path = "Montserrat-SemiBold.ttf"; sourceTree = "<group>"; };
		66B58E232B71545C008E7682 /* Constants.swift */ = {isa = PBXFileReference; lastKnownFileType = sourcecode.swift; path = Constants.swift; sourceTree = "<group>"; };
		66B58E252B7154BE008E7682 /* AppCoordinator.swift */ = {isa = PBXFileReference; lastKnownFileType = sourcecode.swift; path = AppCoordinator.swift; sourceTree = "<group>"; };
		66B58E272B715510008E7682 /* Coordinator.swift */ = {isa = PBXFileReference; lastKnownFileType = sourcecode.swift; path = Coordinator.swift; sourceTree = "<group>"; };
		66B58E2B2B71557C008E7682 /* Navigator.swift */ = {isa = PBXFileReference; lastKnownFileType = sourcecode.swift; path = Navigator.swift; sourceTree = "<group>"; };
		66B58E2D2B7155CD008E7682 /* MainNavigators.swift */ = {isa = PBXFileReference; lastKnownFileType = sourcecode.swift; path = MainNavigators.swift; sourceTree = "<group>"; };
		66B58E2F2B715768008E7682 /* Collectionview + Extension.swift */ = {isa = PBXFileReference; lastKnownFileType = sourcecode.swift; path = "Collectionview + Extension.swift"; sourceTree = "<group>"; };
		66B58E312B71578F008E7682 /* TableView + Extension.swift */ = {isa = PBXFileReference; lastKnownFileType = sourcecode.swift; path = "TableView + Extension.swift"; sourceTree = "<group>"; };
		66B58E332B7157A7008E7682 /* ViewController + Extension.swift */ = {isa = PBXFileReference; lastKnownFileType = sourcecode.swift; path = "ViewController + Extension.swift"; sourceTree = "<group>"; };
		66B58E352B715855008E7682 /* View + Extension .swift */ = {isa = PBXFileReference; lastKnownFileType = sourcecode.swift; path = "View + Extension .swift"; sourceTree = "<group>"; };
		66B58E372B71589B008E7682 /* TextField + Extension.swift */ = {isa = PBXFileReference; lastKnownFileType = sourcecode.swift; path = "TextField + Extension.swift"; sourceTree = "<group>"; };
		66B58E392B715913008E7682 /* Color + Extension.swift */ = {isa = PBXFileReference; lastKnownFileType = sourcecode.swift; path = "Color + Extension.swift"; sourceTree = "<group>"; };
		66B58E3B2B71596F008E7682 /* MainTabBar.swift */ = {isa = PBXFileReference; lastKnownFileType = sourcecode.swift; path = MainTabBar.swift; sourceTree = "<group>"; };
		66B58E3E2B715CFC008E7682 /* BaseWireFrame.swift */ = {isa = PBXFileReference; lastKnownFileType = sourcecode.swift; path = BaseWireFrame.swift; sourceTree = "<group>"; };
		66B58E412B715EA3008E7682 /* ProductCell.swift */ = {isa = PBXFileReference; lastKnownFileType = sourcecode.swift; path = ProductCell.swift; sourceTree = "<group>"; };
		66B58E422B715EA3008E7682 /* ProductCell.xib */ = {isa = PBXFileReference; lastKnownFileType = file.xib; path = ProductCell.xib; sourceTree = "<group>"; };
		66B58E4D2B716089008E7682 /* Fonts .swift */ = {isa = PBXFileReference; lastKnownFileType = sourcecode.swift; path = "Fonts .swift"; sourceTree = "<group>"; };
		66B58E4F2B7160D7008E7682 /* HomeViewModel.swift */ = {isa = PBXFileReference; lastKnownFileType = sourcecode.swift; path = HomeViewModel.swift; sourceTree = "<group>"; };
		66B58E522B7161C7008E7682 /* ProductModel.swift */ = {isa = PBXFileReference; lastKnownFileType = sourcecode.swift; path = ProductModel.swift; sourceTree = "<group>"; };
		66B58E582B7162CB008E7682 /* GetProductListUseCase.swift */ = {isa = PBXFileReference; lastKnownFileType = sourcecode.swift; path = GetProductListUseCase.swift; sourceTree = "<group>"; };
		66B58E5A2B71631D008E7682 /* FavouriteProductItemUseCase.swift */ = {isa = PBXFileReference; lastKnownFileType = sourcecode.swift; path = FavouriteProductItemUseCase.swift; sourceTree = "<group>"; };
		66B58E5C2B71638F008E7682 /* HomeRepo.swift */ = {isa = PBXFileReference; lastKnownFileType = sourcecode.swift; path = HomeRepo.swift; sourceTree = "<group>"; };
		66B58E622B71658D008E7682 /* ProductListLDBCLient.swift */ = {isa = PBXFileReference; lastKnownFileType = sourcecode.swift; path = ProductListLDBCLient.swift; sourceTree = "<group>"; };
		66B58E642B7165D3008E7682 /* ProductListLDB.swift */ = {isa = PBXFileReference; lastKnownFileType = sourcecode.swift; path = ProductListLDB.swift; sourceTree = "<group>"; };
		66B58E662B71661F008E7682 /* ProductLDB.swift */ = {isa = PBXFileReference; lastKnownFileType = sourcecode.swift; path = ProductLDB.swift; sourceTree = "<group>"; };
		66B58E6C2B716826008E7682 /* DefaultHomeRepo.swift */ = {isa = PBXFileReference; lastKnownFileType = sourcecode.swift; path = DefaultHomeRepo.swift; sourceTree = "<group>"; };
		66B58E6E2B716919008E7682 /* ProductListDTO.swift */ = {isa = PBXFileReference; lastKnownFileType = sourcecode.swift; path = ProductListDTO.swift; sourceTree = "<group>"; };
		66B58E722B716966008E7682 /* HomeRouter.swift */ = {isa = PBXFileReference; lastKnownFileType = sourcecode.swift; path = HomeRouter.swift; sourceTree = "<group>"; };
		66B58E742B716979008E7682 /* HomeClient .swift */ = {isa = PBXFileReference; lastKnownFileType = sourcecode.swift; path = "HomeClient .swift"; sourceTree = "<group>"; };
		66B58E762B716998008E7682 /* RequestClient.swift */ = {isa = PBXFileReference; lastKnownFileType = sourcecode.swift; path = RequestClient.swift; sourceTree = "<group>"; };
		66B58E782B7169A7008E7682 /* TargetProtocol.swift */ = {isa = PBXFileReference; lastKnownFileType = sourcecode.swift; path = TargetProtocol.swift; sourceTree = "<group>"; };
		66B58E7E2B717C8A008E7682 /* HomeVC.swift */ = {isa = PBXFileReference; lastKnownFileType = sourcecode.swift; path = HomeVC.swift; sourceTree = "<group>"; };
		66B58E7F2B717C8A008E7682 /* HomeVC.xib */ = {isa = PBXFileReference; lastKnownFileType = file.xib; path = HomeVC.xib; sourceTree = "<group>"; };
		7CAE998F6FBE5EDD4E99A86A /* Pods-KSI-Task.debug.xcconfig */ = {isa = PBXFileReference; includeInIndex = 1; lastKnownFileType = text.xcconfig; name = "Pods-KSI-Task.debug.xcconfig"; path = "Target Support Files/Pods-KSI-Task/Pods-KSI-Task.debug.xcconfig"; sourceTree = "<group>"; };
		FF11A32C3AD40059482A13EC /* Pods_KSI_Task.framework */ = {isa = PBXFileReference; explicitFileType = wrapper.framework; includeInIndex = 0; path = Pods_KSI_Task.framework; sourceTree = BUILT_PRODUCTS_DIR; };
/* End PBXFileReference section */

/* Begin PBXFrameworksBuildPhase section */
		66B58DD82B714AF2008E7682 /* Frameworks */ = {
			isa = PBXFrameworksBuildPhase;
			buildActionMask = 2147483647;
			files = (
				83C58E3F400F881174F89B81 /* Pods_KSI_Task.framework in Frameworks */,
			);
			runOnlyForDeploymentPostprocessing = 0;
		};
/* End PBXFrameworksBuildPhase section */

/* Begin PBXGroup section */
		5A1A2C4B2DDDDA95EC155483 /* Pods */ = {
			isa = PBXGroup;
			children = (
				7CAE998F6FBE5EDD4E99A86A /* Pods-KSI-Task.debug.xcconfig */,
				03537956E39F53EDC52BE0B4 /* Pods-KSI-Task.release.xcconfig */,
			);
			path = Pods;
			sourceTree = "<group>";
		};
		66707CB52B72642A00116DD8 /* Cell */ = {
			isa = PBXGroup;
			children = (
				66707CC62B7266E600116DD8 /* ProductImageCell.swift */,
				66707CC72B7266E600116DD8 /* ProductImageCell.xib */,
			);
			path = Cell;
			sourceTree = "<group>";
		};
		66B58DD22B714AF2008E7682 = {
			isa = PBXGroup;
			children = (
				66B58DDD2B714AF2008E7682 /* KSI-Task */,
				66B58DDC2B714AF2008E7682 /* Products */,
				5A1A2C4B2DDDDA95EC155483 /* Pods */,
				797E4638C4A77C6A1AA36303 /* Frameworks */,
			);
			sourceTree = "<group>";
		};
		66B58DDC2B714AF2008E7682 /* Products */ = {
			isa = PBXGroup;
			children = (
				66B58DDB2B714AF2008E7682 /* KSI-Task.app */,
			);
			name = Products;
			sourceTree = "<group>";
		};
		66B58DDD2B714AF2008E7682 /* KSI-Task */ = {
			isa = PBXGroup;
			children = (
				66B58DF82B714BCE008E7682 /* Utilities */,
				66B58DF72B714BB5008E7682 /* Extensions */,
				66B58DF62B714BB0008E7682 /* Data */,
				66B58DF52B714BA7008E7682 /* Domain */,
				66B58DF42B714B9C008E7682 /* Scenes */,
				66B58DF32B714B97008E7682 /* Assets */,
				66B58DF22B714B89008E7682 /* Configuration */,
				66B58DEC2B714AF3008E7682 /* Info.plist */,
			);
			path = "KSI-Task";
			sourceTree = "<group>";
		};
		66B58DF22B714B89008E7682 /* Configuration */ = {
			isa = PBXGroup;
			children = (
				66B58DDE2B714AF2008E7682 /* AppDelegate.swift */,
			);
			path = Configuration;
			sourceTree = "<group>";
		};
		66B58DF32B714B97008E7682 /* Assets */ = {
			isa = PBXGroup;
			children = (
				66B58DE72B714AF3008E7682 /* Assets.xcassets */,
				66B58DE92B714AF3008E7682 /* LaunchScreen.storyboard */,
			);
			path = Assets;
			sourceTree = "<group>";
		};
		66B58DF42B714B9C008E7682 /* Scenes */ = {
			isa = PBXGroup;
			children = (
				66B58E0E2B714E26008E7682 /* MainTab */,
				66B58E0D2B714E1E008E7682 /* Menu */,
				66B58E0C2B714E17008E7682 /* Home */,
				66B58E0B2B714E01008E7682 /* Profile */,
				66B58E0A2B714DEB008E7682 /* ShoppingCart */,
				66B58E092B714DDF008E7682 /* Favourite */,
				66B58E082B714DD3008E7682 /* ProductDetails */,
			);
			path = Scenes;
			sourceTree = "<group>";
		};
		66B58DF52B714BA7008E7682 /* Domain */ = {
			isa = PBXGroup;
			children = (
				66B58E572B716287008E7682 /* Repositories */,
				66B58E562B71627F008E7682 /* UseCases */,
				66B58E512B7161AB008E7682 /* Entities */,
			);
			path = Domain;
			sourceTree = "<group>";
		};
		66B58DF62B714BB0008E7682 /* Data */ = {
			isa = PBXGroup;
			children = (
				66B58E5E2B71651A008E7682 /* Api */,
				66B58E5F2B716527008E7682 /* LCDB */,
			);
			path = Data;
			sourceTree = "<group>";
		};
		66B58DF72B714BB5008E7682 /* Extensions */ = {
			isa = PBXGroup;
			children = (
				66B58E2F2B715768008E7682 /* Collectionview + Extension.swift */,
				66B58E312B71578F008E7682 /* TableView + Extension.swift */,
				66B58E332B7157A7008E7682 /* ViewController + Extension.swift */,
				66B58E352B715855008E7682 /* View + Extension .swift */,
				66B58E372B71589B008E7682 /* TextField + Extension.swift */,
				66B58E392B715913008E7682 /* Color + Extension.swift */,
			);
			path = Extensions;
			sourceTree = "<group>";
		};
		66B58DF82B714BCE008E7682 /* Utilities */ = {
			isa = PBXGroup;
			children = (
				66B58E3D2B715CF1008E7682 /* BaseWireFrame */,
				66B58E292B71553E008E7682 /* Navigator */,
				66B58E102B714EC6008E7682 /* Protocols */,
				66B58E0F2B714E98008E7682 /* Coordinator */,
				66B58DF92B714CDB008E7682 /* Fonts */,
				66B58E232B71545C008E7682 /* Constants.swift */,
			);
			path = Utilities;
			sourceTree = "<group>";
		};
		66B58DF92B714CDB008E7682 /* Fonts */ = {
			isa = PBXGroup;
			children = (
				66B58DFF2B714D3A008E7682 /* Montserrat-Bold.ttf */,
				66B58DFE2B714D3A008E7682 /* Montserrat-ExtraBold.ttf */,
				66B58DFA2B714D3A008E7682 /* Montserrat-Light.ttf */,
				66B58DFB2B714D3A008E7682 /* Montserrat-Medium.ttf */,
				66B58DFD2B714D3A008E7682 /* Montserrat-Regular.ttf */,
				66B58E002B714D3A008E7682 /* Montserrat-SemiBold.ttf */,
				66B58DFC2B714D3A008E7682 /* Montserrat-Thin.ttf */,
				66B58E4D2B716089008E7682 /* Fonts .swift */,
			);
			path = Fonts;
			sourceTree = "<group>";
		};
		66B58E082B714DD3008E7682 /* ProductDetails */ = {
			isa = PBXGroup;
			children = (
				66707CB52B72642A00116DD8 /* Cell */,
				66707CC02B72661200116DD8 /* ProductDetailsVCVieMode.swift */,
				66707CCE2B7284FF00116DD8 /* ProductDetailsVC.swift */,
				66707CCF2B7284FF00116DD8 /* ProductDetailsVC.xib */,
			);
			path = ProductDetails;
			sourceTree = "<group>";
		};
		66B58E092B714DDF008E7682 /* Favourite */ = {
			isa = PBXGroup;
			children = (
				66707CE42B72CC0900116DD8 /* FavouriteVC.swift */,
				66707CE52B72CC0900116DD8 /* FavouriteVC.xib */,
				66707CE82B72CC1B00116DD8 /* FavouriteViewModel.swift */,
			);
			path = Favourite;
			sourceTree = "<group>";
		};
		66B58E0A2B714DEB008E7682 /* ShoppingCart */ = {
			isa = PBXGroup;
			children = (
				66707CDE2B72CB9E00116DD8 /* ShoppingCartVC.swift */,
				66707CDF2B72CB9E00116DD8 /* ShoppingCartVC.xib */,
				66707CE22B72CBAE00116DD8 /* ShoppingCartViewModel.swift */,
			);
			path = ShoppingCart;
			sourceTree = "<group>";
		};
		66B58E0B2B714E01008E7682 /* Profile */ = {
			isa = PBXGroup;
			children = (
				66707CD82B72CB3700116DD8 /* ProfileVC.swift */,
				66707CD92B72CB3700116DD8 /* ProfileVC.xib */,
				66707CDC2B72CB5400116DD8 /* ProfileViewModel.swift */,
			);
			path = Profile;
			sourceTree = "<group>";
		};
		66B58E0C2B714E17008E7682 /* Home */ = {
			isa = PBXGroup;
			children = (
				66B58E402B715E70008E7682 /* Cell */,
				66B58E4F2B7160D7008E7682 /* HomeViewModel.swift */,
				66B58E7E2B717C8A008E7682 /* HomeVC.swift */,
				66B58E7F2B717C8A008E7682 /* HomeVC.xib */,
			);
			path = Home;
			sourceTree = "<group>";
		};
		66B58E0D2B714E1E008E7682 /* Menu */ = {
			isa = PBXGroup;
			children = (
				66707CD22B72CAD500116DD8 /* MenuVC.swift */,
				66707CD32B72CAD500116DD8 /* MenuVC.xib */,
				66707CD62B72CAF500116DD8 /* MenuViewModel.swift */,
			);
			path = Menu;
			sourceTree = "<group>";
		};
		66B58E0E2B714E26008E7682 /* MainTab */ = {
			isa = PBXGroup;
			children = (
				66B58E3B2B71596F008E7682 /* MainTabBar.swift */,
			);
			path = MainTab;
			sourceTree = "<group>";
		};
		66B58E0F2B714E98008E7682 /* Coordinator */ = {
			isa = PBXGroup;
			children = (
				66B58E252B7154BE008E7682 /* AppCoordinator.swift */,
			);
			path = Coordinator;
			sourceTree = "<group>";
		};
		66B58E102B714EC6008E7682 /* Protocols */ = {
			isa = PBXGroup;
			children = (
				66B58E272B715510008E7682 /* Coordinator.swift */,
				66B58E2B2B71557C008E7682 /* Navigator.swift */,
			);
			path = Protocols;
			sourceTree = "<group>";
		};
		66B58E292B71553E008E7682 /* Navigator */ = {
			isa = PBXGroup;
			children = (
				66B58E2D2B7155CD008E7682 /* MainNavigators.swift */,
			);
			path = Navigator;
			sourceTree = "<group>";
		};
		66B58E3D2B715CF1008E7682 /* BaseWireFrame */ = {
			isa = PBXGroup;
			children = (
				66B58E3E2B715CFC008E7682 /* BaseWireFrame.swift */,
			);
			path = BaseWireFrame;
			sourceTree = "<group>";
		};
		66B58E402B715E70008E7682 /* Cell */ = {
			isa = PBXGroup;
			children = (
				66B58E412B715EA3008E7682 /* ProductCell.swift */,
				66B58E422B715EA3008E7682 /* ProductCell.xib */,
			);
			path = Cell;
			sourceTree = "<group>";
		};
		66B58E512B7161AB008E7682 /* Entities */ = {
			isa = PBXGroup;
			children = (
				66B58E522B7161C7008E7682 /* ProductModel.swift */,
				66707CBC2B72651300116DD8 /* ProductDetailsModel.swift */,
			);
			path = Entities;
			sourceTree = "<group>";
		};
		66B58E562B71627F008E7682 /* UseCases */ = {
			isa = PBXGroup;
			children = (
				66B58E582B7162CB008E7682 /* GetProductListUseCase.swift */,
				66B58E5A2B71631D008E7682 /* FavouriteProductItemUseCase.swift */,
			);
			path = UseCases;
			sourceTree = "<group>";
		};
		66B58E572B716287008E7682 /* Repositories */ = {
			isa = PBXGroup;
			children = (
				66B58E5C2B71638F008E7682 /* HomeRepo.swift */,
				66707CBA2B7264E800116DD8 /* ProductDetailsRepo.swift */,
			);
			path = Repositories;
			sourceTree = "<group>";
		};
		66B58E5E2B71651A008E7682 /* Api */ = {
			isa = PBXGroup;
			children = (
				66B58E682B71674B008E7682 /* Repositories */,
				66B58E692B71675D008E7682 /* DataMapping */,
				66B58E6A2B716767008E7682 /* Network */,
			);
			path = Api;
			sourceTree = "<group>";
		};
		66B58E5F2B716527008E7682 /* LCDB */ = {
			isa = PBXGroup;
			children = (
				66B58E602B71653C008E7682 /* Handeler */,
				66B58E612B716555008E7682 /* DataMapping */,
			);
			path = LCDB;
			sourceTree = "<group>";
		};
		66B58E602B71653C008E7682 /* Handeler */ = {
			isa = PBXGroup;
			children = (
				66B58E622B71658D008E7682 /* ProductListLDBCLient.swift */,
			);
			path = Handeler;
			sourceTree = "<group>";
		};
		66B58E612B716555008E7682 /* DataMapping */ = {
			isa = PBXGroup;
			children = (
				66B58E642B7165D3008E7682 /* ProductListLDB.swift */,
				66B58E662B71661F008E7682 /* ProductLDB.swift */,
			);
			path = DataMapping;
			sourceTree = "<group>";
		};
		66B58E682B71674B008E7682 /* Repositories */ = {
			isa = PBXGroup;
			children = (
				66B58E6C2B716826008E7682 /* DefaultHomeRepo.swift */,
				66707CBE2B72659000116DD8 /* DefaultProductDetailsRepo.swift */,
			);
			path = Repositories;
			sourceTree = "<group>";
		};
		66B58E692B71675D008E7682 /* DataMapping */ = {
			isa = PBXGroup;
			children = (
				66B58E6E2B716919008E7682 /* ProductListDTO.swift */,
			);
			path = DataMapping;
			sourceTree = "<group>";
		};
		66B58E6A2B716767008E7682 /* Network */ = {
			isa = PBXGroup;
			children = (
				66B58E702B716937008E7682 /* Home */,
				66B58E712B71693E008E7682 /* Base */,
			);
			path = Network;
			sourceTree = "<group>";
		};
		66B58E702B716937008E7682 /* Home */ = {
			isa = PBXGroup;
			children = (
				66B58E722B716966008E7682 /* HomeRouter.swift */,
				66B58E742B716979008E7682 /* HomeClient .swift */,
			);
			path = Home;
			sourceTree = "<group>";
		};
		66B58E712B71693E008E7682 /* Base */ = {
			isa = PBXGroup;
			children = (
				66B58E762B716998008E7682 /* RequestClient.swift */,
				66B58E782B7169A7008E7682 /* TargetProtocol.swift */,
			);
			path = Base;
			sourceTree = "<group>";
		};
		797E4638C4A77C6A1AA36303 /* Frameworks */ = {
			isa = PBXGroup;
			children = (
				FF11A32C3AD40059482A13EC /* Pods_KSI_Task.framework */,
			);
			name = Frameworks;
			sourceTree = "<group>";
		};
/* End PBXGroup section */

/* Begin PBXNativeTarget section */
		66B58DDA2B714AF2008E7682 /* KSI-Task */ = {
			isa = PBXNativeTarget;
			buildConfigurationList = 66B58DEF2B714AF3008E7682 /* Build configuration list for PBXNativeTarget "KSI-Task" */;
			buildPhases = (
				8F7522507AE8AD28F4AE9DEE /* [CP] Check Pods Manifest.lock */,
				66B58DD72B714AF2008E7682 /* Sources */,
				66B58DD82B714AF2008E7682 /* Frameworks */,
				66B58DD92B714AF2008E7682 /* Resources */,
				15EE2BB6387285A4D595844D /* [CP] Embed Pods Frameworks */,
			);
			buildRules = (
			);
			dependencies = (
			);
			name = "KSI-Task";
			productName = "KSI-Task";
			productReference = 66B58DDB2B714AF2008E7682 /* KSI-Task.app */;
			productType = "com.apple.product-type.application";
		};
/* End PBXNativeTarget section */

/* Begin PBXProject section */
		66B58DD32B714AF2008E7682 /* Project object */ = {
			isa = PBXProject;
			attributes = {
				BuildIndependentTargetsInParallel = 1;
				LastSwiftUpdateCheck = 1420;
				LastUpgradeCheck = 1420;
				TargetAttributes = {
					66B58DDA2B714AF2008E7682 = {
						CreatedOnToolsVersion = 14.2;
					};
				};
			};
			buildConfigurationList = 66B58DD62B714AF2008E7682 /* Build configuration list for PBXProject "KSI-Task" */;
			compatibilityVersion = "Xcode 14.0";
			developmentRegion = en;
			hasScannedForEncodings = 0;
			knownRegions = (
				en,
				Base,
			);
			mainGroup = 66B58DD22B714AF2008E7682;
			productRefGroup = 66B58DDC2B714AF2008E7682 /* Products */;
			projectDirPath = "";
			projectRoot = "";
			targets = (
				66B58DDA2B714AF2008E7682 /* KSI-Task */,
			);
		};
/* End PBXProject section */

/* Begin PBXResourcesBuildPhase section */
		66B58DD92B714AF2008E7682 /* Resources */ = {
			isa = PBXResourcesBuildPhase;
			buildActionMask = 2147483647;
			files = (
				66B58E042B714D3A008E7682 /* Montserrat-Regular.ttf in Resources */,
				66B58E032B714D3A008E7682 /* Montserrat-Thin.ttf in Resources */,
				66B58E012B714D3A008E7682 /* Montserrat-Light.ttf in Resources */,
				66B58DEB2B714AF3008E7682 /* LaunchScreen.storyboard in Resources */,
				66707CDB2B72CB3700116DD8 /* ProfileVC.xib in Resources */,
				66B58E062B714D3A008E7682 /* Montserrat-Bold.ttf in Resources */,
				66B58E812B717C8A008E7682 /* HomeVC.xib in Resources */,
				66B58E022B714D3A008E7682 /* Montserrat-Medium.ttf in Resources */,
				66B58E072B714D3A008E7682 /* Montserrat-SemiBold.ttf in Resources */,
				66707CD12B7284FF00116DD8 /* ProductDetailsVC.xib in Resources */,
				66707CD52B72CAD500116DD8 /* MenuVC.xib in Resources */,
				66B58E442B715EA3008E7682 /* ProductCell.xib in Resources */,
				66707CC92B7266E600116DD8 /* ProductImageCell.xib in Resources */,
				66B58E052B714D3A008E7682 /* Montserrat-ExtraBold.ttf in Resources */,
				66707CE12B72CB9E00116DD8 /* ShoppingCartVC.xib in Resources */,
				66B58DE82B714AF3008E7682 /* Assets.xcassets in Resources */,
				66707CE72B72CC0900116DD8 /* FavouriteVC.xib in Resources */,
			);
			runOnlyForDeploymentPostprocessing = 0;
		};
/* End PBXResourcesBuildPhase section */

/* Begin PBXShellScriptBuildPhase section */
		15EE2BB6387285A4D595844D /* [CP] Embed Pods Frameworks */ = {
			isa = PBXShellScriptBuildPhase;
			buildActionMask = 2147483647;
			files = (
			);
			inputFileListPaths = (
				"${PODS_ROOT}/Target Support Files/Pods-KSI-Task/Pods-KSI-Task-frameworks-${CONFIGURATION}-input-files.xcfilelist",
			);
			name = "[CP] Embed Pods Frameworks";
			outputFileListPaths = (
				"${PODS_ROOT}/Target Support Files/Pods-KSI-Task/Pods-KSI-Task-frameworks-${CONFIGURATION}-output-files.xcfilelist",
			);
			runOnlyForDeploymentPostprocessing = 0;
			shellPath = /bin/sh;
			shellScript = "\"${PODS_ROOT}/Target Support Files/Pods-KSI-Task/Pods-KSI-Task-frameworks.sh\"\n";
			showEnvVarsInLog = 0;
		};
		8F7522507AE8AD28F4AE9DEE /* [CP] Check Pods Manifest.lock */ = {
			isa = PBXShellScriptBuildPhase;
			buildActionMask = 2147483647;
			files = (
			);
			inputFileListPaths = (
			);
			inputPaths = (
				"${PODS_PODFILE_DIR_PATH}/Podfile.lock",
				"${PODS_ROOT}/Manifest.lock",
			);
			name = "[CP] Check Pods Manifest.lock";
			outputFileListPaths = (
			);
			outputPaths = (
				"$(DERIVED_FILE_DIR)/Pods-KSI-Task-checkManifestLockResult.txt",
			);
			runOnlyForDeploymentPostprocessing = 0;
			shellPath = /bin/sh;
			shellScript = "diff \"${PODS_PODFILE_DIR_PATH}/Podfile.lock\" \"${PODS_ROOT}/Manifest.lock\" > /dev/null\nif [ $? != 0 ] ; then\n    # print error to STDERR\n    echo \"error: The sandbox is not in sync with the Podfile.lock. Run 'pod install' or update your CocoaPods installation.\" >&2\n    exit 1\nfi\n# This output is used by Xcode 'outputs' to avoid re-running this script phase.\necho \"SUCCESS\" > \"${SCRIPT_OUTPUT_FILE_0}\"\n";
			showEnvVarsInLog = 0;
		};
/* End PBXShellScriptBuildPhase section */

/* Begin PBXSourcesBuildPhase section */
		66B58DD72B714AF2008E7682 /* Sources */ = {
			isa = PBXSourcesBuildPhase;
			buildActionMask = 2147483647;
			files = (
				66B58E592B7162CB008E7682 /* GetProductListUseCase.swift in Sources */,
				66B58E502B7160D7008E7682 /* HomeViewModel.swift in Sources */,
				66B58E342B7157A7008E7682 /* ViewController + Extension.swift in Sources */,
				66707CC82B7266E600116DD8 /* ProductImageCell.swift in Sources */,
				66707CBB2B7264E800116DD8 /* ProductDetailsRepo.swift in Sources */,
				66B58E652B7165D3008E7682 /* ProductListLDB.swift in Sources */,
				66707CE32B72CBAE00116DD8 /* ShoppingCartViewModel.swift in Sources */,
				66707CC12B72661200116DD8 /* ProductDetailsVCVieMode.swift in Sources */,
				66B58E732B716966008E7682 /* HomeRouter.swift in Sources */,
				66B58E3A2B715913008E7682 /* Color + Extension.swift in Sources */,
				66707CD02B7284FF00116DD8 /* ProductDetailsVC.swift in Sources */,
				66B58E3C2B71596F008E7682 /* MainTabBar.swift in Sources */,
				66B58E672B71661F008E7682 /* ProductLDB.swift in Sources */,
				66B58E792B7169A7008E7682 /* TargetProtocol.swift in Sources */,
				66B58E6D2B716826008E7682 /* DefaultHomeRepo.swift in Sources */,
				66B58E3F2B715CFC008E7682 /* BaseWireFrame.swift in Sources */,
				66B58E322B71578F008E7682 /* TableView + Extension.swift in Sources */,
				66B58E6F2B716919008E7682 /* ProductListDTO.swift in Sources */,
				66707CE62B72CC0900116DD8 /* FavouriteVC.swift in Sources */,
				66B58E752B716979008E7682 /* HomeClient .swift in Sources */,
				66B58E262B7154BE008E7682 /* AppCoordinator.swift in Sources */,
				66B58E802B717C8A008E7682 /* HomeVC.swift in Sources */,
				66707CDA2B72CB3700116DD8 /* ProfileVC.swift in Sources */,
				66B58E632B71658D008E7682 /* ProductListLDBCLient.swift in Sources */,
				66707CBD2B72651300116DD8 /* ProductDetailsModel.swift in Sources */,
				66707CDD2B72CB5400116DD8 /* ProfileViewModel.swift in Sources */,
				66B58DDF2B714AF2008E7682 /* AppDelegate.swift in Sources */,
				66B58E5B2B71631D008E7682 /* FavouriteProductItemUseCase.swift in Sources */,
				66B58E282B715510008E7682 /* Coordinator.swift in Sources */,
				66B58E302B715768008E7682 /* Collectionview + Extension.swift in Sources */,
				66B58E2E2B7155CD008E7682 /* MainNavigators.swift in Sources */,
				66B58E242B71545C008E7682 /* Constants.swift in Sources */,
				66B58E772B716998008E7682 /* RequestClient.swift in Sources */,
				66B58E5D2B71638F008E7682 /* HomeRepo.swift in Sources */,
				66707CBF2B72659000116DD8 /* DefaultProductDetailsRepo.swift in Sources */,
				66B58E2C2B71557C008E7682 /* Navigator.swift in Sources */,
				66B58E432B715EA3008E7682 /* ProductCell.swift in Sources */,
				66B58E362B715855008E7682 /* View + Extension .swift in Sources */,
				66707CE02B72CB9E00116DD8 /* ShoppingCartVC.swift in Sources */,
				66B58E382B71589B008E7682 /* TextField + Extension.swift in Sources */,
				66B58E4E2B716089008E7682 /* Fonts .swift in Sources */,
				66707CE92B72CC1B00116DD8 /* FavouriteViewModel.swift in Sources */,
				66707CD72B72CAF500116DD8 /* MenuViewModel.swift in Sources */,
				66B58E532B7161C7008E7682 /* ProductModel.swift in Sources */,
				66707CD42B72CAD500116DD8 /* MenuVC.swift in Sources */,
			);
			runOnlyForDeploymentPostprocessing = 0;
		};
/* End PBXSourcesBuildPhase section */

/* Begin PBXVariantGroup section */
		66B58DE92B714AF3008E7682 /* LaunchScreen.storyboard */ = {
			isa = PBXVariantGroup;
			children = (
				66B58DEA2B714AF3008E7682 /* Base */,
			);
			name = LaunchScreen.storyboard;
			sourceTree = "<group>";
		};
/* End PBXVariantGroup section */

/* Begin XCBuildConfiguration section */
		66B58DED2B714AF3008E7682 /* Debug */ = {
			isa = XCBuildConfiguration;
			buildSettings = {
				ALWAYS_SEARCH_USER_PATHS = NO;
				CLANG_ANALYZER_NONNULL = YES;
				CLANG_ANALYZER_NUMBER_OBJECT_CONVERSION = YES_AGGRESSIVE;
				CLANG_CXX_LANGUAGE_STANDARD = "gnu++20";
				CLANG_ENABLE_MODULES = YES;
				CLANG_ENABLE_OBJC_ARC = YES;
				CLANG_ENABLE_OBJC_WEAK = YES;
				CLANG_WARN_BLOCK_CAPTURE_AUTORELEASING = YES;
				CLANG_WARN_BOOL_CONVERSION = YES;
				CLANG_WARN_COMMA = YES;
				CLANG_WARN_CONSTANT_CONVERSION = YES;
				CLANG_WARN_DEPRECATED_OBJC_IMPLEMENTATIONS = YES;
				CLANG_WARN_DIRECT_OBJC_ISA_USAGE = YES_ERROR;
				CLANG_WARN_DOCUMENTATION_COMMENTS = YES;
				CLANG_WARN_EMPTY_BODY = YES;
				CLANG_WARN_ENUM_CONVERSION = YES;
				CLANG_WARN_INFINITE_RECURSION = YES;
				CLANG_WARN_INT_CONVERSION = YES;
				CLANG_WARN_NON_LITERAL_NULL_CONVERSION = YES;
				CLANG_WARN_OBJC_IMPLICIT_RETAIN_SELF = YES;
				CLANG_WARN_OBJC_LITERAL_CONVERSION = YES;
				CLANG_WARN_OBJC_ROOT_CLASS = YES_ERROR;
				CLANG_WARN_QUOTED_INCLUDE_IN_FRAMEWORK_HEADER = YES;
				CLANG_WARN_RANGE_LOOP_ANALYSIS = YES;
				CLANG_WARN_STRICT_PROTOTYPES = YES;
				CLANG_WARN_SUSPICIOUS_MOVE = YES;
				CLANG_WARN_UNGUARDED_AVAILABILITY = YES_AGGRESSIVE;
				CLANG_WARN_UNREACHABLE_CODE = YES;
				CLANG_WARN__DUPLICATE_METHOD_MATCH = YES;
				COPY_PHASE_STRIP = NO;
				DEBUG_INFORMATION_FORMAT = dwarf;
				ENABLE_STRICT_OBJC_MSGSEND = YES;
				ENABLE_TESTABILITY = YES;
				GCC_C_LANGUAGE_STANDARD = gnu11;
				GCC_DYNAMIC_NO_PIC = NO;
				GCC_NO_COMMON_BLOCKS = YES;
				GCC_OPTIMIZATION_LEVEL = 0;
				GCC_PREPROCESSOR_DEFINITIONS = (
					"DEBUG=1",
					"$(inherited)",
				);
				GCC_WARN_64_TO_32_BIT_CONVERSION = YES;
				GCC_WARN_ABOUT_RETURN_TYPE = YES_ERROR;
				GCC_WARN_UNDECLARED_SELECTOR = YES;
				GCC_WARN_UNINITIALIZED_AUTOS = YES_AGGRESSIVE;
				GCC_WARN_UNUSED_FUNCTION = YES;
				GCC_WARN_UNUSED_VARIABLE = YES;
				IPHONEOS_DEPLOYMENT_TARGET = 16.2;
				MTL_ENABLE_DEBUG_INFO = INCLUDE_SOURCE;
				MTL_FAST_MATH = YES;
				ONLY_ACTIVE_ARCH = YES;
				SDKROOT = iphoneos;
				SWIFT_ACTIVE_COMPILATION_CONDITIONS = DEBUG;
				SWIFT_OPTIMIZATION_LEVEL = "-Onone";
			};
			name = Debug;
		};
		66B58DEE2B714AF3008E7682 /* Release */ = {
			isa = XCBuildConfiguration;
			buildSettings = {
				ALWAYS_SEARCH_USER_PATHS = NO;
				CLANG_ANALYZER_NONNULL = YES;
				CLANG_ANALYZER_NUMBER_OBJECT_CONVERSION = YES_AGGRESSIVE;
				CLANG_CXX_LANGUAGE_STANDARD = "gnu++20";
				CLANG_ENABLE_MODULES = YES;
				CLANG_ENABLE_OBJC_ARC = YES;
				CLANG_ENABLE_OBJC_WEAK = YES;
				CLANG_WARN_BLOCK_CAPTURE_AUTORELEASING = YES;
				CLANG_WARN_BOOL_CONVERSION = YES;
				CLANG_WARN_COMMA = YES;
				CLANG_WARN_CONSTANT_CONVERSION = YES;
				CLANG_WARN_DEPRECATED_OBJC_IMPLEMENTATIONS = YES;
				CLANG_WARN_DIRECT_OBJC_ISA_USAGE = YES_ERROR;
				CLANG_WARN_DOCUMENTATION_COMMENTS = YES;
				CLANG_WARN_EMPTY_BODY = YES;
				CLANG_WARN_ENUM_CONVERSION = YES;
				CLANG_WARN_INFINITE_RECURSION = YES;
				CLANG_WARN_INT_CONVERSION = YES;
				CLANG_WARN_NON_LITERAL_NULL_CONVERSION = YES;
				CLANG_WARN_OBJC_IMPLICIT_RETAIN_SELF = YES;
				CLANG_WARN_OBJC_LITERAL_CONVERSION = YES;
				CLANG_WARN_OBJC_ROOT_CLASS = YES_ERROR;
				CLANG_WARN_QUOTED_INCLUDE_IN_FRAMEWORK_HEADER = YES;
				CLANG_WARN_RANGE_LOOP_ANALYSIS = YES;
				CLANG_WARN_STRICT_PROTOTYPES = YES;
				CLANG_WARN_SUSPICIOUS_MOVE = YES;
				CLANG_WARN_UNGUARDED_AVAILABILITY = YES_AGGRESSIVE;
				CLANG_WARN_UNREACHABLE_CODE = YES;
				CLANG_WARN__DUPLICATE_METHOD_MATCH = YES;
				COPY_PHASE_STRIP = NO;
				DEBUG_INFORMATION_FORMAT = "dwarf-with-dsym";
				ENABLE_NS_ASSERTIONS = NO;
				ENABLE_STRICT_OBJC_MSGSEND = YES;
				GCC_C_LANGUAGE_STANDARD = gnu11;
				GCC_NO_COMMON_BLOCKS = YES;
				GCC_WARN_64_TO_32_BIT_CONVERSION = YES;
				GCC_WARN_ABOUT_RETURN_TYPE = YES_ERROR;
				GCC_WARN_UNDECLARED_SELECTOR = YES;
				GCC_WARN_UNINITIALIZED_AUTOS = YES_AGGRESSIVE;
				GCC_WARN_UNUSED_FUNCTION = YES;
				GCC_WARN_UNUSED_VARIABLE = YES;
				IPHONEOS_DEPLOYMENT_TARGET = 16.2;
				MTL_ENABLE_DEBUG_INFO = NO;
				MTL_FAST_MATH = YES;
				SDKROOT = iphoneos;
				SWIFT_COMPILATION_MODE = wholemodule;
				SWIFT_OPTIMIZATION_LEVEL = "-O";
				VALIDATE_PRODUCT = YES;
			};
			name = Release;
		};
		66B58DF02B714AF3008E7682 /* Debug */ = {
			isa = XCBuildConfiguration;
			baseConfigurationReference = 7CAE998F6FBE5EDD4E99A86A /* Pods-KSI-Task.debug.xcconfig */;
			buildSettings = {
				ASSETCATALOG_COMPILER_APPICON_NAME = AppIcon;
				ASSETCATALOG_COMPILER_GLOBAL_ACCENT_COLOR_NAME = AccentColor;
				CODE_SIGN_STYLE = Automatic;
				CURRENT_PROJECT_VERSION = 1;
				GENERATE_INFOPLIST_FILE = YES;
				INFOPLIST_FILE = "KSI-Task/Info.plist";
				INFOPLIST_KEY_LSApplicationCategoryType = "";
				INFOPLIST_KEY_UIApplicationSupportsIndirectInputEvents = YES;
				INFOPLIST_KEY_UILaunchStoryboardName = LaunchScreen.storyboard;
				INFOPLIST_KEY_UISupportedInterfaceOrientations_iPad = "UIInterfaceOrientationPortrait UIInterfaceOrientationPortraitUpsideDown UIInterfaceOrientationLandscapeLeft UIInterfaceOrientationLandscapeRight";
				INFOPLIST_KEY_UISupportedInterfaceOrientations_iPhone = "UIInterfaceOrientationPortrait UIInterfaceOrientationLandscapeLeft UIInterfaceOrientationLandscapeRight";
				LD_RUNPATH_SEARCH_PATHS = (
					"$(inherited)",
					"@executable_path/Frameworks",
				);
				MARKETING_VERSION = 1.0;
				PRODUCT_BUNDLE_IDENTIFIER = "com.KSI.KSI-Task";
				PRODUCT_NAME = "$(TARGET_NAME)";
				SWIFT_EMIT_LOC_STRINGS = YES;
				SWIFT_VERSION = 5.0;
				TARGETED_DEVICE_FAMILY = "1,2";
			};
			name = Debug;
		};
		66B58DF12B714AF3008E7682 /* Release */ = {
			isa = XCBuildConfiguration;
			baseConfigurationReference = 03537956E39F53EDC52BE0B4 /* Pods-KSI-Task.release.xcconfig */;
			buildSettings = {
				ASSETCATALOG_COMPILER_APPICON_NAME = AppIcon;
				ASSETCATALOG_COMPILER_GLOBAL_ACCENT_COLOR_NAME = AccentColor;
				CODE_SIGN_STYLE = Automatic;
				CURRENT_PROJECT_VERSION = 1;
				GENERATE_INFOPLIST_FILE = YES;
				INFOPLIST_FILE = "KSI-Task/Info.plist";
				INFOPLIST_KEY_LSApplicationCategoryType = "";
				INFOPLIST_KEY_UIApplicationSupportsIndirectInputEvents = YES;
				INFOPLIST_KEY_UILaunchStoryboardName = LaunchScreen.storyboard;
				INFOPLIST_KEY_UISupportedInterfaceOrientations_iPad = "UIInterfaceOrientationPortrait UIInterfaceOrientationPortraitUpsideDown UIInterfaceOrientationLandscapeLeft UIInterfaceOrientationLandscapeRight";
				INFOPLIST_KEY_UISupportedInterfaceOrientations_iPhone = "UIInterfaceOrientationPortrait UIInterfaceOrientationLandscapeLeft UIInterfaceOrientationLandscapeRight";
				LD_RUNPATH_SEARCH_PATHS = (
					"$(inherited)",
					"@executable_path/Frameworks",
				);
				MARKETING_VERSION = 1.0;
				PRODUCT_BUNDLE_IDENTIFIER = "com.KSI.KSI-Task";
				PRODUCT_NAME = "$(TARGET_NAME)";
				SWIFT_EMIT_LOC_STRINGS = YES;
				SWIFT_VERSION = 5.0;
				TARGETED_DEVICE_FAMILY = "1,2";
			};
			name = Release;
		};
/* End XCBuildConfiguration section */

/* Begin XCConfigurationList section */
		66B58DD62B714AF2008E7682 /* Build configuration list for PBXProject "KSI-Task" */ = {
			isa = XCConfigurationList;
			buildConfigurations = (
				66B58DED2B714AF3008E7682 /* Debug */,
				66B58DEE2B714AF3008E7682 /* Release */,
			);
			defaultConfigurationIsVisible = 0;
			defaultConfigurationName = Release;
		};
		66B58DEF2B714AF3008E7682 /* Build configuration list for PBXNativeTarget "KSI-Task" */ = {
			isa = XCConfigurationList;
			buildConfigurations = (
				66B58DF02B714AF3008E7682 /* Debug */,
				66B58DF12B714AF3008E7682 /* Release */,
			);
			defaultConfigurationIsVisible = 0;
			defaultConfigurationName = Release;
		};
/* End XCConfigurationList section */
	};
	rootObject = 66B58DD32B714AF2008E7682 /* Project object */;
}
